
Microsoft Visual Studio Solution File, Format Version 12.00
# Visual Studio Version 17
VisualStudioVersion = 17.10.35027.167
MinimumVisualStudioVersion = 10.0.40219.1
Project("{FAE04EC0-301F-11D3-BF4B-00C04F79EFBC}") = "ProductorOne", "ProductorOne.csproj", "{A92215B2-6E06-414B-935D-8748B66AE0B6}"
EndProject
Project("{FAE04EC0-301F-11D3-BF4B-00C04F79EFBC}") = "ConsumerOne", "..\ConsumerOne\ConsumerOne.csproj", "{050FF0A1-B25A-401D-8717-C30A54E40842}"
EndProject
Global
	GlobalSection(SolutionConfigurationPlatforms) = preSolution
		Debug|Any CPU = Debug|Any CPU
		Release|Any CPU = Release|Any CPU
	EndGlobalSection
	GlobalSection(ProjectConfigurationPlatforms) = postSolution
		{A92215B2-6E06-414B-935D-8748B66AE0B6}.Debug|Any CPU.ActiveCfg = Debug|Any CPU
		{A92215B2-6E06-414B-935D-8748B66AE0B6}.Debug|Any CPU.Build.0 = Debug|Any CPU
		{A92215B2-6E06-414B-935D-8748B66AE0B6}.Release|Any CPU.ActiveCfg = Release|Any CPU
		{A92215B2-6E06-414B-935D-8748B66AE0B6}.Release|Any CPU.Build.0 = Release|Any CPU
		{050FF0A1-B25A-401D-8717-C30A54E40842}.Debug|Any CPU.ActiveCfg = Debug|Any CPU
		{050FF0A1-B25A-401D-8717-C30A54E40842}.Debug|Any CPU.Build.0 = Debug|Any CPU
		{050FF0A1-B25A-401D-8717-C30A54E40842}.Release|Any CPU.ActiveCfg = Release|Any CPU
		{050FF0A1-B25A-401D-8717-C30A54E40842}.Release|Any CPU.Build.0 = Release|Any CPU
	EndGlobalSection
	GlobalSection(SolutionProperties) = preSolution
		HideSolutionNode = FALSE
	EndGlobalSection
	GlobalSection(ExtensibilityGlobals) = postSolution
		SolutionGuid = {47FC0045-BC0F-45BA-AFB0-0B2CEEA5207B}
	EndGlobalSection
EndGlobal
